
Microsoft Visual Studio Solution File, Format Version 12.00
# Visual Studio Version 18
VisualStudioVersion = 18.5.11723.231 stable
MinimumVisualStudioVersion = 10.0.40219.1
Project("{FAE04EC0-301F-11D3-BF4B-00C04F79EFBC}") = "Fragomen.UserAPI", "Fragomen.UserAPI\Fragomen.UserAPI.csproj", "{89C88718-A579-415E-AD2A-F5213A1CDCE0}"
EndProject
Project("{54A90642-561A-4BB1-A94E-469ADEE60C69}") = "Fragomen.Client", "Fragomen.Client\Fragomen.Client.esproj", "{A2A791E8-30AD-713C-B703-EADEA186AC3C}"
EndProject
Project("{FAE04EC0-301F-11D3-BF4B-00C04F79EFBC}") = "Fragomen.Testing", "Fragomen.Testing\Fragomen.Testing.csproj", "{9A6F90C4-6FDF-437D-B343-A3E995A47A24}"
EndProject
Global
	GlobalSection(SolutionConfigurationPlatforms) = preSolution
		Debug|Any CPU = Debug|Any CPU
		Release|Any CPU = Release|Any CPU
	EndGlobalSection
	GlobalSection(ProjectConfigurationPlatforms) = postSolution
		{89C88718-A579-415E-AD2A-F5213A1CDCE0}.Debug|Any CPU.ActiveCfg = Debug|Any CPU
		{89C88718-A579-415E-AD2A-F5213A1CDCE0}.Debug|Any CPU.Build.0 = Debug|Any CPU
		{89C88718-A579-415E-AD2A-F5213A1CDCE0}.Release|Any CPU.ActiveCfg = Release|Any CPU
		{89C88718-A579-415E-AD2A-F5213A1CDCE0}.Release|Any CPU.Build.0 = Release|Any CPU
		{A2A791E8-30AD-713C-B703-EADEA186AC3C}.Debug|Any CPU.ActiveCfg = Debug|Any CPU
		{A2A791E8-30AD-713C-B703-EADEA186AC3C}.Debug|Any CPU.Build.0 = Debug|Any CPU
		{A2A791E8-30AD-713C-B703-EADEA186AC3C}.Debug|Any CPU.Deploy.0 = Debug|Any CPU
		{A2A791E8-30AD-713C-B703-EADEA186AC3C}.Release|Any CPU.ActiveCfg = Release|Any CPU
		{A2A791E8-30AD-713C-B703-EADEA186AC3C}.Release|Any CPU.Build.0 = Release|Any CPU
		{A2A791E8-30AD-713C-B703-EADEA186AC3C}.Release|Any CPU.Deploy.0 = Release|Any CPU
		{9A6F90C4-6FDF-437D-B343-A3E995A47A24}.Debug|Any CPU.ActiveCfg = Debug|Any CPU
		{9A6F90C4-6FDF-437D-B343-A3E995A47A24}.Debug|Any CPU.Build.0 = Debug|Any CPU
		{9A6F90C4-6FDF-437D-B343-A3E995A47A24}.Release|Any CPU.ActiveCfg = Release|Any CPU
		{9A6F90C4-6FDF-437D-B343-A3E995A47A24}.Release|Any CPU.Build.0 = Release|Any CPU
	EndGlobalSection
	GlobalSection(SolutionProperties) = preSolution
		HideSolutionNode = FALSE
	EndGlobalSection
	GlobalSection(ExtensibilityGlobals) = postSolution
		SolutionGuid = {5FD69F22-67DB-4560-8469-48DE371057BA}
	EndGlobalSection
EndGlobal
